
Microsoft Visual Studio Solution File, Format Version 12.00
# Visual Studio 14
VisualStudioVersion = 14.0.25420.1
MinimumVisualStudioVersion = 10.0.40219.1
Project("{FAE04EC0-301F-11D3-BF4B-00C04F79EFBC}") = "Tasklist_1", "Tasklist_1\Tasklist_1.csproj", "{F98AC2C2-60D5-4C1B-B733-1C49C74C4036}"
EndProject
Project("{FAE04EC0-301F-11D3-BF4B-00C04F79EFBC}") = "Task1_2", "Task1_2\Task1_2.csproj", "{EC4C7C3E-6A4D-4787-828C-21B12450093F}"
EndProject
Project("{FAE04EC0-301F-11D3-BF4B-00C04F79EFBC}") = "Task1_3", "Task1_3\Task1_3.csproj", "{4E047920-FA8A-4DDA-AAF5-2E455AF43C2D}"
EndProject
Project("{FAE04EC0-301F-11D3-BF4B-00C04F79EFBC}") = "Task1_4", "Task1_4\Task1_4.csproj", "{C680D4C9-7C7C-432A-80DB-24FB63F93386}"
EndProject
Global
	GlobalSection(SolutionConfigurationPlatforms) = preSolution
		Debug|Any CPU = Debug|Any CPU
		Release|Any CPU = Release|Any CPU
	EndGlobalSection
	GlobalSection(ProjectConfigurationPlatforms) = postSolution
		{F98AC2C2-60D5-4C1B-B733-1C49C74C4036}.Debug|Any CPU.ActiveCfg = Debug|Any CPU
		{F98AC2C2-60D5-4C1B-B733-1C49C74C4036}.Debug|Any CPU.Build.0 = Debug|Any CPU
		{F98AC2C2-60D5-4C1B-B733-1C49C74C4036}.Release|Any CPU.ActiveCfg = Release|Any CPU
		{F98AC2C2-60D5-4C1B-B733-1C49C74C4036}.Release|Any CPU.Build.0 = Release|Any CPU
		{EC4C7C3E-6A4D-4787-828C-21B12450093F}.Debug|Any CPU.ActiveCfg = Debug|Any CPU
		{EC4C7C3E-6A4D-4787-828C-21B12450093F}.Debug|Any CPU.Build.0 = Debug|Any CPU
		{EC4C7C3E-6A4D-4787-828C-21B12450093F}.Release|Any CPU.ActiveCfg = Release|Any CPU
		{EC4C7C3E-6A4D-4787-828C-21B12450093F}.Release|Any CPU.Build.0 = Release|Any CPU
		{4E047920-FA8A-4DDA-AAF5-2E455AF43C2D}.Debug|Any CPU.ActiveCfg = Debug|Any CPU
		{4E047920-FA8A-4DDA-AAF5-2E455AF43C2D}.Debug|Any CPU.Build.0 = Debug|Any CPU
		{4E047920-FA8A-4DDA-AAF5-2E455AF43C2D}.Release|Any CPU.ActiveCfg = Release|Any CPU
		{4E047920-FA8A-4DDA-AAF5-2E455AF43C2D}.Release|Any CPU.Build.0 = Release|Any CPU
		{C680D4C9-7C7C-432A-80DB-24FB63F93386}.Debug|Any CPU.ActiveCfg = Debug|Any CPU
		{C680D4C9-7C7C-432A-80DB-24FB63F93386}.Debug|Any CPU.Build.0 = Debug|Any CPU
		{C680D4C9-7C7C-432A-80DB-24FB63F93386}.Release|Any CPU.ActiveCfg = Release|Any CPU
		{C680D4C9-7C7C-432A-80DB-24FB63F93386}.Release|Any CPU.Build.0 = Release|Any CPU
	EndGlobalSection
	GlobalSection(SolutionProperties) = preSolution
		HideSolutionNode = FALSE
	EndGlobalSection
EndGlobal
